
Microsoft Visual Studio Solution File, Format Version 12.00
# Visual Studio Version 16
VisualStudioVersion = 16.0.31313.79
MinimumVisualStudioVersion = 10.0.40219.1
Project("{9A19103F-16F7-4668-BE54-9A1E7A4F7556}") = "Catalog.API", "Catalog.API\Catalog.API.csproj", "{8DB95359-DF58-4D8D-B309-F0047DDE48E9}"
EndProject
Project("{E53339B2-1760-4266-BCC7-CA923CBCF16C}") = "docker-compose", "docker-compose.dcproj", "{CAD2EC4F-0F04-49D5-AE65-538A90020F36}"
EndProject
Project("{9A19103F-16F7-4668-BE54-9A1E7A4F7556}") = "Basket.API", "Basket.API\Basket.API.csproj", "{7CAE98CA-3696-478F-BD24-7AC2CDA7A752}"
EndProject
Project("{9A19103F-16F7-4668-BE54-9A1E7A4F7556}") = "Discount.API", "Discount.API\Discount.API.csproj", "{EFF2870C-B836-4E94-9CAF-1ACF2B312126}"
EndProject
Project("{9A19103F-16F7-4668-BE54-9A1E7A4F7556}") = "Discount.Grpc", "Discount.Grpc\Discount.Grpc.csproj", "{7BE066E2-DCF7-45DB-BDFF-DB918D219204}"
EndProject
Global
	GlobalSection(SolutionConfigurationPlatforms) = preSolution
		Debug|Any CPU = Debug|Any CPU
		Release|Any CPU = Release|Any CPU
	EndGlobalSection
	GlobalSection(ProjectConfigurationPlatforms) = postSolution
		{8DB95359-DF58-4D8D-B309-F0047DDE48E9}.Debug|Any CPU.ActiveCfg = Debug|Any CPU
		{8DB95359-DF58-4D8D-B309-F0047DDE48E9}.Debug|Any CPU.Build.0 = Debug|Any CPU
		{8DB95359-DF58-4D8D-B309-F0047DDE48E9}.Release|Any CPU.ActiveCfg = Release|Any CPU
		{8DB95359-DF58-4D8D-B309-F0047DDE48E9}.Release|Any CPU.Build.0 = Release|Any CPU
		{CAD2EC4F-0F04-49D5-AE65-538A90020F36}.Debug|Any CPU.ActiveCfg = Debug|Any CPU
		{CAD2EC4F-0F04-49D5-AE65-538A90020F36}.Debug|Any CPU.Build.0 = Debug|Any CPU
		{CAD2EC4F-0F04-49D5-AE65-538A90020F36}.Release|Any CPU.ActiveCfg = Release|Any CPU
		{CAD2EC4F-0F04-49D5-AE65-538A90020F36}.Release|Any CPU.Build.0 = Release|Any CPU
		{7CAE98CA-3696-478F-BD24-7AC2CDA7A752}.Debug|Any CPU.ActiveCfg = Debug|Any CPU
		{7CAE98CA-3696-478F-BD24-7AC2CDA7A752}.Debug|Any CPU.Build.0 = Debug|Any CPU
		{7CAE98CA-3696-478F-BD24-7AC2CDA7A752}.Release|Any CPU.ActiveCfg = Release|Any CPU
		{7CAE98CA-3696-478F-BD24-7AC2CDA7A752}.Release|Any CPU.Build.0 = Release|Any CPU
		{EFF2870C-B836-4E94-9CAF-1ACF2B312126}.Debug|Any CPU.ActiveCfg = Debug|Any CPU
		{EFF2870C-B836-4E94-9CAF-1ACF2B312126}.Debug|Any CPU.Build.0 = Debug|Any CPU
		{EFF2870C-B836-4E94-9CAF-1ACF2B312126}.Release|Any CPU.ActiveCfg = Release|Any CPU
		{EFF2870C-B836-4E94-9CAF-1ACF2B312126}.Release|Any CPU.Build.0 = Release|Any CPU
		{7BE066E2-DCF7-45DB-BDFF-DB918D219204}.Debug|Any CPU.ActiveCfg = Debug|Any CPU
		{7BE066E2-DCF7-45DB-BDFF-DB918D219204}.Debug|Any CPU.Build.0 = Debug|Any CPU
		{7BE066E2-DCF7-45DB-BDFF-DB918D219204}.Release|Any CPU.ActiveCfg = Release|Any CPU
		{7BE066E2-DCF7-45DB-BDFF-DB918D219204}.Release|Any CPU.Build.0 = Release|Any CPU
	EndGlobalSection
	GlobalSection(SolutionProperties) = preSolution
		HideSolutionNode = FALSE
	EndGlobalSection
	GlobalSection(ExtensibilityGlobals) = postSolution
		SolutionGuid = {92D8E380-52D2-420F-A94F-CB025B29DAD1}
	EndGlobalSection
EndGlobal
